{
  "originHash" : "e5f467b5e551d848ad936ecac116271428259001c38521c5ad738f0939acb875",
  "pins" : [
    {
      "identity" : "swift-livevoice-sdk",
      "kind" : "remoteSourceControl",
      "location" : "https://github.com/LiveVoiceOfficial/swift-livevoice-sdk",
      "state" : {
        "revision" : "8b10aa0884ef877bba6f06c2ba71f276fd797b00",
        "version" : "1.0.1"
      }
    }
  ],
  "version" : 3
}
