{
  "originHash" : "0152498c23e542e9e738e2140804ad947f199a7298ec7255fc424260f65c1631",
  "pins" : [
    {
      "identity" : "livevoice-sdk-swift",
      "kind" : "remoteSourceControl",
      "location" : "https://github.com/LiveVoiceOfficial/livevoice-sdk-swift",
      "state" : {
        "revision" : "a7bbe6eaea7cb7eafe10e029d7041c1cb491b7e4",
        "version" : "2.0.2"
      }
    }
  ],
  "version" : 3
}
